
Microsoft Visual Studio Solution File, Format Version 12.00
# Visual Studio Version 17
VisualStudioVersion = 17.3.32922.545
MinimumVisualStudioVersion = 10.0.40219.1
Project("{9A19103F-16F7-4668-BE54-9A1E7A4F7556}") = "SampleFile", "SampleFile.csproj", "{12FC08DD-809B-4F4F-A3CC-3D5C4F98FAF7}"
EndProject
Global
	GlobalSection(SolutionConfigurationPlatforms) = preSolution
		Debug|Any CPU = Debug|Any CPU
		Release|Any CPU = Release|Any CPU
		Release-Xml|Any CPU = Release-Xml|Any CPU
	EndGlobalSection
	GlobalSection(ProjectConfigurationPlatforms) = postSolution
		{12FC08DD-809B-4F4F-A3CC-3D5C4F98FAF7}.Debug|Any CPU.ActiveCfg = Debug|Any CPU
		{12FC08DD-809B-4F4F-A3CC-3D5C4F98FAF7}.Debug|Any CPU.Build.0 = Debug|Any CPU
		{12FC08DD-809B-4F4F-A3CC-3D5C4F98FAF7}.Debug|Any CPU.Deploy.0 = Debug|Any CPU
		{12FC08DD-809B-4F4F-A3CC-3D5C4F98FAF7}.Release|Any CPU.ActiveCfg = Release|Any CPU
		{12FC08DD-809B-4F4F-A3CC-3D5C4F98FAF7}.Release|Any CPU.Build.0 = Release|Any CPU
		{12FC08DD-809B-4F4F-A3CC-3D5C4F98FAF7}.Release|Any CPU.Deploy.0 = Release|Any CPU
		{12FC08DD-809B-4F4F-A3CC-3D5C4F98FAF7}.Release-Xml|Any CPU.ActiveCfg = Release|Any CPU
		{12FC08DD-809B-4F4F-A3CC-3D5C4F98FAF7}.Release-Xml|Any CPU.Build.0 = Release|Any CPU
		{12FC08DD-809B-4F4F-A3CC-3D5C4F98FAF7}.Release-Xml|Any CPU.Deploy.0 = Release|Any CPU
	EndGlobalSection
	GlobalSection(SolutionProperties) = preSolution
		HideSolutionNode = FALSE
	EndGlobalSection
	GlobalSection(ExtensibilityGlobals) = postSolution
		SolutionGuid = {A6597E79-DF4A-4C28-868B-79C832CCDFB9}
	EndGlobalSection
EndGlobal
