
Microsoft Visual Studio Solution File, Format Version 12.00
# Visual Studio Version 17
VisualStudioVersion = 17.0.31611.283
MinimumVisualStudioVersion = 10.0.40219.1
Project("{9A19103F-16F7-4668-BE54-9A1E7A4F7556}") = "MauiApp2", "MauiApp2.csproj", "{471686FD-4F23-4FCC-9423-53B04C53BA88}"
EndProject
Project("{9A19103F-16F7-4668-BE54-9A1E7A4F7556}") = "Syncfusion.Maui.SunburstChart", "..\..\..\..\Revamp_Data_Label_Normal\maui-sunburstchart\maui\src\sunburstchart\Syncfusion.Maui.SunburstChart.csproj", "{F42591CE-E631-45E6-A51E-B6252F7FAF53}"
EndProject
Global
	GlobalSection(SolutionConfigurationPlatforms) = preSolution
		Debug|Any CPU = Debug|Any CPU
		Release|Any CPU = Release|Any CPU
		Release-Xml|Any CPU = Release-Xml|Any CPU
	EndGlobalSection
	GlobalSection(ProjectConfigurationPlatforms) = postSolution
		{471686FD-4F23-4FCC-9423-53B04C53BA88}.Debug|Any CPU.ActiveCfg = Debug|Any CPU
		{471686FD-4F23-4FCC-9423-53B04C53BA88}.Debug|Any CPU.Build.0 = Debug|Any CPU
		{471686FD-4F23-4FCC-9423-53B04C53BA88}.Debug|Any CPU.Deploy.0 = Debug|Any CPU
		{471686FD-4F23-4FCC-9423-53B04C53BA88}.Release|Any CPU.ActiveCfg = Release|Any CPU
		{471686FD-4F23-4FCC-9423-53B04C53BA88}.Release|Any CPU.Build.0 = Release|Any CPU
		{471686FD-4F23-4FCC-9423-53B04C53BA88}.Release|Any CPU.Deploy.0 = Release|Any CPU
		{471686FD-4F23-4FCC-9423-53B04C53BA88}.Release-Xml|Any CPU.ActiveCfg = Release|Any CPU
		{471686FD-4F23-4FCC-9423-53B04C53BA88}.Release-Xml|Any CPU.Build.0 = Release|Any CPU
		{471686FD-4F23-4FCC-9423-53B04C53BA88}.Release-Xml|Any CPU.Deploy.0 = Release|Any CPU
		{F42591CE-E631-45E6-A51E-B6252F7FAF53}.Debug|Any CPU.ActiveCfg = Debug|Any CPU
		{F42591CE-E631-45E6-A51E-B6252F7FAF53}.Debug|Any CPU.Build.0 = Debug|Any CPU
		{F42591CE-E631-45E6-A51E-B6252F7FAF53}.Release|Any CPU.ActiveCfg = Release|Any CPU
		{F42591CE-E631-45E6-A51E-B6252F7FAF53}.Release|Any CPU.Build.0 = Release|Any CPU
		{F42591CE-E631-45E6-A51E-B6252F7FAF53}.Release-Xml|Any CPU.ActiveCfg = Release-Xml|Any CPU
		{F42591CE-E631-45E6-A51E-B6252F7FAF53}.Release-Xml|Any CPU.Build.0 = Release-Xml|Any CPU
	EndGlobalSection
	GlobalSection(SolutionProperties) = preSolution
		HideSolutionNode = FALSE
	EndGlobalSection
	GlobalSection(ExtensibilityGlobals) = postSolution
		SolutionGuid = {61F7FB11-1E47-470C-91E2-47F8143E1572}
	EndGlobalSection
EndGlobal
