
Microsoft Visual Studio Solution File, Format Version 12.00
# Visual Studio Version 17
VisualStudioVersion = 17.0.31611.283
MinimumVisualStudioVersion = 10.0.40219.1
Project("{9A19103F-16F7-4668-BE54-9A1E7A4F7556}") = "MauiApp2", "MauiApp2.csproj", "{471686FD-4F23-4FCC-9423-53B04C53BA88}"
EndProject
Project("{9A19103F-16F7-4668-BE54-9A1E7A4F7556}") = "Syncfusion.Maui.Core", "..\..\Sunburst_Chart\maui-core\maui-core\maui\src\core\Syncfusion.Maui.Core.csproj", "{CF3D1C39-96ED-4FCF-95F8-9EF854DA57BC}"
EndProject
Project("{9A19103F-16F7-4668-BE54-9A1E7A4F7556}") = "Syncfusion.Maui.SunburstChart", "..\..\Sunburst_Chart\Tooltip-implementation\maui-sunburstchart\maui\src\sunburstchart\Syncfusion.Maui.SunburstChart.csproj", "{EF9A6490-E2FD-4EC8-84AF-0DF4138B8527}"
EndProject
Global
	GlobalSection(SolutionConfigurationPlatforms) = preSolution
		Debug|Any CPU = Debug|Any CPU
		Release|Any CPU = Release|Any CPU
		Release-Xml|Any CPU = Release-Xml|Any CPU
	EndGlobalSection
	GlobalSection(ProjectConfigurationPlatforms) = postSolution
		{471686FD-4F23-4FCC-9423-53B04C53BA88}.Debug|Any CPU.ActiveCfg = Debug|Any CPU
		{471686FD-4F23-4FCC-9423-53B04C53BA88}.Debug|Any CPU.Build.0 = Debug|Any CPU
		{471686FD-4F23-4FCC-9423-53B04C53BA88}.Debug|Any CPU.Deploy.0 = Debug|Any CPU
		{471686FD-4F23-4FCC-9423-53B04C53BA88}.Release|Any CPU.ActiveCfg = Release|Any CPU
		{471686FD-4F23-4FCC-9423-53B04C53BA88}.Release|Any CPU.Build.0 = Release|Any CPU
		{471686FD-4F23-4FCC-9423-53B04C53BA88}.Release|Any CPU.Deploy.0 = Release|Any CPU
		{471686FD-4F23-4FCC-9423-53B04C53BA88}.Release-Xml|Any CPU.ActiveCfg = Release|Any CPU
		{471686FD-4F23-4FCC-9423-53B04C53BA88}.Release-Xml|Any CPU.Build.0 = Release|Any CPU
		{471686FD-4F23-4FCC-9423-53B04C53BA88}.Release-Xml|Any CPU.Deploy.0 = Release|Any CPU
		{CF3D1C39-96ED-4FCF-95F8-9EF854DA57BC}.Debug|Any CPU.ActiveCfg = Debug|Any CPU
		{CF3D1C39-96ED-4FCF-95F8-9EF854DA57BC}.Debug|Any CPU.Build.0 = Debug|Any CPU
		{CF3D1C39-96ED-4FCF-95F8-9EF854DA57BC}.Release|Any CPU.ActiveCfg = Release|Any CPU
		{CF3D1C39-96ED-4FCF-95F8-9EF854DA57BC}.Release|Any CPU.Build.0 = Release|Any CPU
		{CF3D1C39-96ED-4FCF-95F8-9EF854DA57BC}.Release-Xml|Any CPU.ActiveCfg = Release-Xml|Any CPU
		{CF3D1C39-96ED-4FCF-95F8-9EF854DA57BC}.Release-Xml|Any CPU.Build.0 = Release-Xml|Any CPU
		{EF9A6490-E2FD-4EC8-84AF-0DF4138B8527}.Debug|Any CPU.ActiveCfg = Debug|Any CPU
		{EF9A6490-E2FD-4EC8-84AF-0DF4138B8527}.Debug|Any CPU.Build.0 = Debug|Any CPU
		{EF9A6490-E2FD-4EC8-84AF-0DF4138B8527}.Release|Any CPU.ActiveCfg = Release|Any CPU
		{EF9A6490-E2FD-4EC8-84AF-0DF4138B8527}.Release|Any CPU.Build.0 = Release|Any CPU
		{EF9A6490-E2FD-4EC8-84AF-0DF4138B8527}.Release-Xml|Any CPU.ActiveCfg = Release-Xml|Any CPU
		{EF9A6490-E2FD-4EC8-84AF-0DF4138B8527}.Release-Xml|Any CPU.Build.0 = Release-Xml|Any CPU
	EndGlobalSection
	GlobalSection(SolutionProperties) = preSolution
		HideSolutionNode = FALSE
	EndGlobalSection
	GlobalSection(ExtensibilityGlobals) = postSolution
		SolutionGuid = {61F7FB11-1E47-470C-91E2-47F8143E1572}
	EndGlobalSection
EndGlobal
